
Microsoft Visual Studio Solution File, Format Version 12.00
# Visual Studio 15
VisualStudioVersion = 15.0.28010.2016
MinimumVisualStudioVersion = 10.0.40219.1
Project("{FAE04EC0-301F-11D3-BF4B-00C04F79EFBC}") = "WebJetMovies", "WebJetMovies\WebJetMovies.csproj", "{2CC059C9-1C7B-416D-AAD1-0571369454EE}"
EndProject
Global
	GlobalSection(SolutionConfigurationPlatforms) = preSolution
		Debug|Any CPU = Debug|Any CPU
		Release|Any CPU = Release|Any CPU
	EndGlobalSection
	GlobalSection(ProjectConfigurationPlatforms) = postSolution
		{2CC059C9-1C7B-416D-AAD1-0571369454EE}.Debug|Any CPU.ActiveCfg = Debug|Any CPU
		{2CC059C9-1C7B-416D-AAD1-0571369454EE}.Debug|Any CPU.Build.0 = Debug|Any CPU
		{2CC059C9-1C7B-416D-AAD1-0571369454EE}.Release|Any CPU.ActiveCfg = Release|Any CPU
		{2CC059C9-1C7B-416D-AAD1-0571369454EE}.Release|Any CPU.Build.0 = Release|Any CPU
	EndGlobalSection
	GlobalSection(SolutionProperties) = preSolution
		HideSolutionNode = FALSE
	EndGlobalSection
	GlobalSection(ExtensibilityGlobals) = postSolution
		SolutionGuid = {F66AC172-B63E-4015-A26D-DBD2ED4E535C}
	EndGlobalSection
EndGlobal
